
Microsoft Visual Studio Solution File, Format Version 12.00
# Visual Studio Version 17
VisualStudioVersion = 17.5.33414.496
MinimumVisualStudioVersion = 10.0.40219.1
Project("{FAE04EC0-301F-11D3-BF4B-00C04F79EFBC}") = "MODUL8_1302213073", "MODUL8_1302213073\MODUL8_1302213073.csproj", "{D2AC9293-2947-4AE1-B705-B3B96204EF59}"
EndProject
Global
	GlobalSection(SolutionConfigurationPlatforms) = preSolution
		Debug|Any CPU = Debug|Any CPU
		Release|Any CPU = Release|Any CPU
	EndGlobalSection
	GlobalSection(ProjectConfigurationPlatforms) = postSolution
		{D2AC9293-2947-4AE1-B705-B3B96204EF59}.Debug|Any CPU.ActiveCfg = Debug|Any CPU
		{D2AC9293-2947-4AE1-B705-B3B96204EF59}.Debug|Any CPU.Build.0 = Debug|Any CPU
		{D2AC9293-2947-4AE1-B705-B3B96204EF59}.Release|Any CPU.ActiveCfg = Release|Any CPU
		{D2AC9293-2947-4AE1-B705-B3B96204EF59}.Release|Any CPU.Build.0 = Release|Any CPU
	EndGlobalSection
	GlobalSection(SolutionProperties) = preSolution
		HideSolutionNode = FALSE
	EndGlobalSection
	GlobalSection(ExtensibilityGlobals) = postSolution
		SolutionGuid = {67C6FD12-3500-41F1-892D-547D0C70566A}
	EndGlobalSection
EndGlobal
